
Microsoft Visual Studio Solution File, Format Version 12.00
# Visual Studio 14
VisualStudioVersion = 14.0.23107.0
MinimumVisualStudioVersion = 10.0.40219.1
Project("{FAE04EC0-301F-11D3-BF4B-00C04F79EFBC}") = "ProcessManagerUI", "ProcessManagerUI\ProcessManagerUI.csproj", "{C8D00382-6819-4FE5-96F7-EFD428487F41}"
EndProject
Project("{FAE04EC0-301F-11D3-BF4B-00C04F79EFBC}") = "ProcessManager", "ProcessManager\ProcessManager.csproj", "{98D87BB4-276C-4CE1-ACC4-9841244E9560}"
EndProject
Project("{FAE04EC0-301F-11D3-BF4B-00C04F79EFBC}") = "ProcessManagerService", "ProcessManagerService\ProcessManagerService.csproj", "{B2D8BA19-3D8F-4A38-9800-A8A919A20686}"
EndProject
Global
	GlobalSection(SolutionConfigurationPlatforms) = preSolution
		CD_ROM|Any CPU = CD_ROM|Any CPU
		CD_ROM|x64 = CD_ROM|x64
		Debug|Any CPU = Debug|Any CPU
		Debug|x64 = Debug|x64
		DVD-5|Any CPU = DVD-5|Any CPU
		DVD-5|x64 = DVD-5|x64
		Release|Any CPU = Release|Any CPU
		Release|x64 = Release|x64
		SingleImage|Any CPU = SingleImage|Any CPU
		SingleImage|x64 = SingleImage|x64
	EndGlobalSection
	GlobalSection(ProjectConfigurationPlatforms) = postSolution
		{C8D00382-6819-4FE5-96F7-EFD428487F41}.CD_ROM|Any CPU.ActiveCfg = Release|Any CPU
		{C8D00382-6819-4FE5-96F7-EFD428487F41}.CD_ROM|Any CPU.Build.0 = Release|Any CPU
		{C8D00382-6819-4FE5-96F7-EFD428487F41}.CD_ROM|x64.ActiveCfg = Release|x64
		{C8D00382-6819-4FE5-96F7-EFD428487F41}.CD_ROM|x64.Build.0 = Release|x64
		{C8D00382-6819-4FE5-96F7-EFD428487F41}.Debug|Any CPU.ActiveCfg = Debug|Any CPU
		{C8D00382-6819-4FE5-96F7-EFD428487F41}.Debug|Any CPU.Build.0 = Debug|Any CPU
		{C8D00382-6819-4FE5-96F7-EFD428487F41}.Debug|x64.ActiveCfg = Debug|x64
		{C8D00382-6819-4FE5-96F7-EFD428487F41}.Debug|x64.Build.0 = Debug|x64
		{C8D00382-6819-4FE5-96F7-EFD428487F41}.DVD-5|Any CPU.ActiveCfg = Debug|Any CPU
		{C8D00382-6819-4FE5-96F7-EFD428487F41}.DVD-5|Any CPU.Build.0 = Debug|Any CPU
		{C8D00382-6819-4FE5-96F7-EFD428487F41}.DVD-5|x64.ActiveCfg = Debug|x64
		{C8D00382-6819-4FE5-96F7-EFD428487F41}.DVD-5|x64.Build.0 = Debug|x64
		{C8D00382-6819-4FE5-96F7-EFD428487F41}.Release|Any CPU.ActiveCfg = Release|Any CPU
		{C8D00382-6819-4FE5-96F7-EFD428487F41}.Release|Any CPU.Build.0 = Release|Any CPU
		{C8D00382-6819-4FE5-96F7-EFD428487F41}.Release|x64.ActiveCfg = Release|x64
		{C8D00382-6819-4FE5-96F7-EFD428487F41}.Release|x64.Build.0 = Release|x64
		{C8D00382-6819-4FE5-96F7-EFD428487F41}.SingleImage|Any CPU.ActiveCfg = Release|Any CPU
		{C8D00382-6819-4FE5-96F7-EFD428487F41}.SingleImage|Any CPU.Build.0 = Release|Any CPU
		{C8D00382-6819-4FE5-96F7-EFD428487F41}.SingleImage|x64.ActiveCfg = Release|x64
		{C8D00382-6819-4FE5-96F7-EFD428487F41}.SingleImage|x64.Build.0 = Release|x64
		{98D87BB4-276C-4CE1-ACC4-9841244E9560}.CD_ROM|Any CPU.ActiveCfg = Release|Any CPU
		{98D87BB4-276C-4CE1-ACC4-9841244E9560}.CD_ROM|Any CPU.Build.0 = Release|Any CPU
		{98D87BB4-276C-4CE1-ACC4-9841244E9560}.CD_ROM|x64.ActiveCfg = Release|x64
		{98D87BB4-276C-4CE1-ACC4-9841244E9560}.CD_ROM|x64.Build.0 = Release|x64
		{98D87BB4-276C-4CE1-ACC4-9841244E9560}.Debug|Any CPU.ActiveCfg = Debug|Any CPU
		{98D87BB4-276C-4CE1-ACC4-9841244E9560}.Debug|Any CPU.Build.0 = Debug|Any CPU
		{98D87BB4-276C-4CE1-ACC4-9841244E9560}.Debug|x64.ActiveCfg = Debug|x64
		{98D87BB4-276C-4CE1-ACC4-9841244E9560}.Debug|x64.Build.0 = Debug|x64
		{98D87BB4-276C-4CE1-ACC4-9841244E9560}.DVD-5|Any CPU.ActiveCfg = Debug|Any CPU
		{98D87BB4-276C-4CE1-ACC4-9841244E9560}.DVD-5|Any CPU.Build.0 = Debug|Any CPU
		{98D87BB4-276C-4CE1-ACC4-9841244E9560}.DVD-5|x64.ActiveCfg = Debug|x64
		{98D87BB4-276C-4CE1-ACC4-9841244E9560}.DVD-5|x64.Build.0 = Debug|x64
		{98D87BB4-276C-4CE1-ACC4-9841244E9560}.Release|Any CPU.ActiveCfg = Release|Any CPU
		{98D87BB4-276C-4CE1-ACC4-9841244E9560}.Release|Any CPU.Build.0 = Release|Any CPU
		{98D87BB4-276C-4CE1-ACC4-9841244E9560}.Release|x64.ActiveCfg = Release|x64
		{98D87BB4-276C-4CE1-ACC4-9841244E9560}.Release|x64.Build.0 = Release|x64
		{98D87BB4-276C-4CE1-ACC4-9841244E9560}.SingleImage|Any CPU.ActiveCfg = Release|Any CPU
		{98D87BB4-276C-4CE1-ACC4-9841244E9560}.SingleImage|Any CPU.Build.0 = Release|Any CPU
		{98D87BB4-276C-4CE1-ACC4-9841244E9560}.SingleImage|x64.ActiveCfg = Release|x64
		{98D87BB4-276C-4CE1-ACC4-9841244E9560}.SingleImage|x64.Build.0 = Release|x64
		{B2D8BA19-3D8F-4A38-9800-A8A919A20686}.CD_ROM|Any CPU.ActiveCfg = Release|Any CPU
		{B2D8BA19-3D8F-4A38-9800-A8A919A20686}.CD_ROM|Any CPU.Build.0 = Release|Any CPU
		{B2D8BA19-3D8F-4A38-9800-A8A919A20686}.CD_ROM|x64.ActiveCfg = Release|x64
		{B2D8BA19-3D8F-4A38-9800-A8A919A20686}.CD_ROM|x64.Build.0 = Release|x64
		{B2D8BA19-3D8F-4A38-9800-A8A919A20686}.Debug|Any CPU.ActiveCfg = Debug|Any CPU
		{B2D8BA19-3D8F-4A38-9800-A8A919A20686}.Debug|Any CPU.Build.0 = Debug|Any CPU
		{B2D8BA19-3D8F-4A38-9800-A8A919A20686}.Debug|x64.ActiveCfg = Debug|x64
		{B2D8BA19-3D8F-4A38-9800-A8A919A20686}.Debug|x64.Build.0 = Debug|x64
		{B2D8BA19-3D8F-4A38-9800-A8A919A20686}.DVD-5|Any CPU.ActiveCfg = Debug|Any CPU
		{B2D8BA19-3D8F-4A38-9800-A8A919A20686}.DVD-5|Any CPU.Build.0 = Debug|Any CPU
		{B2D8BA19-3D8F-4A38-9800-A8A919A20686}.DVD-5|x64.ActiveCfg = Debug|x64
		{B2D8BA19-3D8F-4A38-9800-A8A919A20686}.DVD-5|x64.Build.0 = Debug|x64
		{B2D8BA19-3D8F-4A38-9800-A8A919A20686}.Release|Any CPU.ActiveCfg = Release|Any CPU
		{B2D8BA19-3D8F-4A38-9800-A8A919A20686}.Release|Any CPU.Build.0 = Release|Any CPU
		{B2D8BA19-3D8F-4A38-9800-A8A919A20686}.Release|x64.ActiveCfg = Release|x64
		{B2D8BA19-3D8F-4A38-9800-A8A919A20686}.Release|x64.Build.0 = Release|x64
		{B2D8BA19-3D8F-4A38-9800-A8A919A20686}.SingleImage|Any CPU.ActiveCfg = Release|Any CPU
		{B2D8BA19-3D8F-4A38-9800-A8A919A20686}.SingleImage|Any CPU.Build.0 = Release|Any CPU
		{B2D8BA19-3D8F-4A38-9800-A8A919A20686}.SingleImage|x64.ActiveCfg = Release|x64
		{B2D8BA19-3D8F-4A38-9800-A8A919A20686}.SingleImage|x64.Build.0 = Release|x64
	EndGlobalSection
	GlobalSection(SolutionProperties) = preSolution
		HideSolutionNode = FALSE
	EndGlobalSection
EndGlobal
